// !$*UTF8*$!
{
	archiveVersion = 1;
	classes = {
	};
	objectVersion = 50;
	objects = {

/* Begin PBXBuildFile section */
		7B01E24B23C7132C00FA77CA /* AppDelegate.swift in Sources */ = {isa = PBXBuildFile; fileRef = 7B01E24A23C7132C00FA77CA /* AppDelegate.swift */; };
		7B01E24D23C7132C00FA77CA /* SceneDelegate.swift in Sources */ = {isa = PBXBuildFile; fileRef = 7B01E24C23C7132C00FA77CA /* SceneDelegate.swift */; };
		7B01E24F23C7132C00FA77CA /* ContentView.swift in Sources */ = {isa = PBXBuildFile; fileRef = 7B01E24E23C7132C00FA77CA /* ContentView.swift */; };
		7B01E25123C7132E00FA77CA /* Assets.xcassets in Resources */ = {isa = PBXBuildFile; fileRef = 7B01E25023C7132E00FA77CA /* Assets.xcassets */; };
		7B01E25423C7132E00FA77CA /* Preview Assets.xcassets in Resources */ = {isa = PBXBuildFile; fileRef = 7B01E25323C7132E00FA77CA /* Preview Assets.xcassets */; };
		7B01E25723C7132E00FA77CA /* LaunchScreen.storyboard in Resources */ = {isa = PBXBuildFile; fileRef = 7B01E25523C7132E00FA77CA /* LaunchScreen.storyboard */; };
		7B01E26023C7E16100FA77CA /* PrimaryButton.swift in Sources */ = {isa = PBXBuildFile; fileRef = 7B01E25F23C7E16100FA77CA /* PrimaryButton.swift */; };
		7B01E26323C7E93200FA77CA /* CurrentBet.swift in Sources */ = {isa = PBXBuildFile; fileRef = 7B01E26223C7E93200FA77CA /* CurrentBet.swift */; };
		7B01E26A23C82B5500FA77CA /* RoundedCorner.swift in Sources */ = {isa = PBXBuildFile; fileRef = 7B01E26923C82B5500FA77CA /* RoundedCorner.swift */; };
		7B01E27323C85B6600FA77CA /* TejaratchiCaps.ttf in Resources */ = {isa = PBXBuildFile; fileRef = 7B01E27223C85B3200FA77CA /* TejaratchiCaps.ttf */; };
		7B01E27A23C86BFE00FA77CA /* SpinButtonGroup.swift in Sources */ = {isa = PBXBuildFile; fileRef = 7B01E27923C86BFE00FA77CA /* SpinButtonGroup.swift */; };
		7B01E27C23C884D600FA77CA /* WheelGroup.swift in Sources */ = {isa = PBXBuildFile; fileRef = 7B01E27B23C884D600FA77CA /* WheelGroup.swift */; };
		7B01E27E23C8855700FA77CA /* WheelView.swift in Sources */ = {isa = PBXBuildFile; fileRef = 7B01E27D23C8855700FA77CA /* WheelView.swift */; };
		7BC3CB1B23CCDA7800541829 /* SecondaryButton.swift in Sources */ = {isa = PBXBuildFile; fileRef = 7BC3CB1A23CCDA7800541829 /* SecondaryButton.swift */; };
		7BC3CB1D23CCE77C00541829 /* BankMoney.swift in Sources */ = {isa = PBXBuildFile; fileRef = 7BC3CB1C23CCE77C00541829 /* BankMoney.swift */; };
		7BC3CB1F23CCF33200541829 /* GameTitle.swift in Sources */ = {isa = PBXBuildFile; fileRef = 7BC3CB1E23CCF33200541829 /* GameTitle.swift */; };
		7BC3CB2123CCF53F00541829 /* Amilya.ttf in Resources */ = {isa = PBXBuildFile; fileRef = 7BC3CB2023CCF51E00541829 /* Amilya.ttf */; };
		7BC3CB2323CCFDFA00541829 /* Game.swift in Sources */ = {isa = PBXBuildFile; fileRef = 7BC3CB2223CCFDFA00541829 /* Game.swift */; };
		7BD1569923CAEC3A00001019 /* CardsData.json in Resources */ = {isa = PBXBuildFile; fileRef = 7BD1569823CAEC3A00001019 /* CardsData.json */; };
		7BD1569C23CB96A100001019 /* Wheel.swift in Sources */ = {isa = PBXBuildFile; fileRef = 7BD1569B23CB96A100001019 /* Wheel.swift */; };
		7BD1569E23CC410C00001019 /* Calculator.ttf in Resources */ = {isa = PBXBuildFile; fileRef = 7BD1569D23CC40FA00001019 /* Calculator.ttf */; };
/* End PBXBuildFile section */

/* Begin PBXFileReference section */
		7B01E24723C7132C00FA77CA /* SlotMachineSwiftUI.app */ = {isa = PBXFileReference; explicitFileType = wrapper.application; includeInIndex = 0; path = SlotMachineSwiftUI.app; sourceTree = BUILT_PRODUCTS_DIR; };
		7B01E24A23C7132C00FA77CA /* AppDelegate.swift */ = {isa = PBXFileReference; lastKnownFileType = sourcecode.swift; path = AppDelegate.swift; sourceTree = "<group>"; };
		7B01E24C23C7132C00FA77CA /* SceneDelegate.swift */ = {isa = PBXFileReference; lastKnownFileType = sourcecode.swift; path = SceneDelegate.swift; sourceTree = "<group>"; };
		7B01E24E23C7132C00FA77CA /* ContentView.swift */ = {isa = PBXFileReference; lastKnownFileType = sourcecode.swift; path = ContentView.swift; sourceTree = "<group>"; };
		7B01E25023C7132E00FA77CA /* Assets.xcassets */ = {isa = PBXFileReference; lastKnownFileType = folder.assetcatalog; path = Assets.xcassets; sourceTree = "<group>"; };
		7B01E25323C7132E00FA77CA /* Preview Assets.xcassets */ = {isa = PBXFileReference; lastKnownFileType = folder.assetcatalog; path = "Preview Assets.xcassets"; sourceTree = "<group>"; };
		7B01E25623C7132E00FA77CA /* Base */ = {isa = PBXFileReference; lastKnownFileType = file.storyboard; name = Base; path = Base.lproj/LaunchScreen.storyboard; sourceTree = "<group>"; };
		7B01E25823C7132E00FA77CA /* Info.plist */ = {isa = PBXFileReference; lastKnownFileType = text.plist.xml; path = Info.plist; sourceTree = "<group>"; };
		7B01E25F23C7E16100FA77CA /* PrimaryButton.swift */ = {isa = PBXFileReference; lastKnownFileType = sourcecode.swift; path = PrimaryButton.swift; sourceTree = "<group>"; };
		7B01E26223C7E93200FA77CA /* CurrentBet.swift */ = {isa = PBXFileReference; lastKnownFileType = sourcecode.swift; path = CurrentBet.swift; sourceTree = "<group>"; };
		7B01E26923C82B5500FA77CA /* RoundedCorner.swift */ = {isa = PBXFileReference; lastKnownFileType = sourcecode.swift; path = RoundedCorner.swift; sourceTree = "<group>"; };
		7B01E27223C85B3200FA77CA /* TejaratchiCaps.ttf */ = {isa = PBXFileReference; lastKnownFileType = file; path = TejaratchiCaps.ttf; sourceTree = "<group>"; };
		7B01E27923C86BFE00FA77CA /* SpinButtonGroup.swift */ = {isa = PBXFileReference; lastKnownFileType = sourcecode.swift; path = SpinButtonGroup.swift; sourceTree = "<group>"; };
		7B01E27B23C884D600FA77CA /* WheelGroup.swift */ = {isa = PBXFileReference; lastKnownFileType = sourcecode.swift; path = WheelGroup.swift; sourceTree = "<group>"; };
		7B01E27D23C8855700FA77CA /* WheelView.swift */ = {isa = PBXFileReference; lastKnownFileType = sourcecode.swift; path = WheelView.swift; sourceTree = "<group>"; };
		7BC3CB1A23CCDA7800541829 /* SecondaryButton.swift */ = {isa = PBXFileReference; lastKnownFileType = sourcecode.swift; path = SecondaryButton.swift; sourceTree = "<group>"; };
		7BC3CB1C23CCE77C00541829 /* BankMoney.swift */ = {isa = PBXFileReference; lastKnownFileType = sourcecode.swift; path = BankMoney.swift; sourceTree = "<group>"; };
		7BC3CB1E23CCF33200541829 /* GameTitle.swift */ = {isa = PBXFileReference; lastKnownFileType = sourcecode.swift; path = GameTitle.swift; sourceTree = "<group>"; };
		7BC3CB2023CCF51E00541829 /* Amilya.ttf */ = {isa = PBXFileReference; lastKnownFileType = file; path = Amilya.ttf; sourceTree = "<group>"; };
		7BC3CB2223CCFDFA00541829 /* Game.swift */ = {isa = PBXFileReference; lastKnownFileType = sourcecode.swift; path = Game.swift; sourceTree = "<group>"; };
		7BD1569823CAEC3A00001019 /* CardsData.json */ = {isa = PBXFileReference; lastKnownFileType = text.json; path = CardsData.json; sourceTree = "<group>"; };
		7BD1569B23CB96A100001019 /* Wheel.swift */ = {isa = PBXFileReference; lastKnownFileType = sourcecode.swift; path = Wheel.swift; sourceTree = "<group>"; };
		7BD1569D23CC40FA00001019 /* Calculator.ttf */ = {isa = PBXFileReference; lastKnownFileType = file; path = Calculator.ttf; sourceTree = "<group>"; };
/* End PBXFileReference section */

/* Begin PBXFrameworksBuildPhase section */
		7B01E24423C7132C00FA77CA /* Frameworks */ = {
			isa = PBXFrameworksBuildPhase;
			buildActionMask = 2147483647;
			files = (
			);
			runOnlyForDeploymentPostprocessing = 0;
		};
/* End PBXFrameworksBuildPhase section */

/* Begin PBXGroup section */
		7B01E23E23C7132C00FA77CA = {
			isa = PBXGroup;
			children = (
				7B01E24923C7132C00FA77CA /* SlotMachineSwiftUI */,
				7B01E24823C7132C00FA77CA /* Products */,
			);
			sourceTree = "<group>";
		};
		7B01E24823C7132C00FA77CA /* Products */ = {
			isa = PBXGroup;
			children = (
				7B01E24723C7132C00FA77CA /* SlotMachineSwiftUI.app */,
			);
			name = Products;
			sourceTree = "<group>";
		};
		7B01E24923C7132C00FA77CA /* SlotMachineSwiftUI */ = {
			isa = PBXGroup;
			children = (
				7BD1569A23CB966C00001019 /* Models */,
				7BD1569723CAEB8400001019 /* Resources */,
				7B01E26123C7E8F900FA77CA /* ViewGroups */,
				7B01E25E23C7E12800FA77CA /* CustomViews */,
				7B01E24A23C7132C00FA77CA /* AppDelegate.swift */,
				7B01E24C23C7132C00FA77CA /* SceneDelegate.swift */,
				7B01E24E23C7132C00FA77CA /* ContentView.swift */,
				7B01E25023C7132E00FA77CA /* Assets.xcassets */,
				7B01E25523C7132E00FA77CA /* LaunchScreen.storyboard */,
				7B01E25823C7132E00FA77CA /* Info.plist */,
				7B01E25223C7132E00FA77CA /* Preview Content */,
			);
			path = SlotMachineSwiftUI;
			sourceTree = "<group>";
		};
		7B01E25223C7132E00FA77CA /* Preview Content */ = {
			isa = PBXGroup;
			children = (
				7B01E25323C7132E00FA77CA /* Preview Assets.xcassets */,
			);
			path = "Preview Content";
			sourceTree = "<group>";
		};
		7B01E25E23C7E12800FA77CA /* CustomViews */ = {
			isa = PBXGroup;
			children = (
				7B01E25F23C7E16100FA77CA /* PrimaryButton.swift */,
				7BC3CB1A23CCDA7800541829 /* SecondaryButton.swift */,
				7B01E26923C82B5500FA77CA /* RoundedCorner.swift */,
				7B01E27D23C8855700FA77CA /* WheelView.swift */,
				7BC3CB1C23CCE77C00541829 /* BankMoney.swift */,
				7BC3CB1E23CCF33200541829 /* GameTitle.swift */,
			);
			path = CustomViews;
			sourceTree = "<group>";
		};
		7B01E26123C7E8F900FA77CA /* ViewGroups */ = {
			isa = PBXGroup;
			children = (
				7B01E26223C7E93200FA77CA /* CurrentBet.swift */,
				7B01E27923C86BFE00FA77CA /* SpinButtonGroup.swift */,
				7B01E27B23C884D600FA77CA /* WheelGroup.swift */,
			);
			path = ViewGroups;
			sourceTree = "<group>";
		};
		7B01E26423C7F00300FA77CA /* fonts */ = {
			isa = PBXGroup;
			children = (
				7BC3CB2023CCF51E00541829 /* Amilya.ttf */,
				7BD1569D23CC40FA00001019 /* Calculator.ttf */,
				7B01E27223C85B3200FA77CA /* TejaratchiCaps.ttf */,
			);
			path = fonts;
			sourceTree = "<group>";
		};
		7BD1569723CAEB8400001019 /* Resources */ = {
			isa = PBXGroup;
			children = (
				7B01E26423C7F00300FA77CA /* fonts */,
				7BD1569823CAEC3A00001019 /* CardsData.json */,
			);
			path = Resources;
			sourceTree = "<group>";
		};
		7BD1569A23CB966C00001019 /* Models */ = {
			isa = PBXGroup;
			children = (
				7BD1569B23CB96A100001019 /* Wheel.swift */,
				7BC3CB2223CCFDFA00541829 /* Game.swift */,
			);
			path = Models;
			sourceTree = "<group>";
		};
/* End PBXGroup section */

/* Begin PBXNativeTarget section */
		7B01E24623C7132C00FA77CA /* SlotMachineSwiftUI */ = {
			isa = PBXNativeTarget;
			buildConfigurationList = 7B01E25B23C7132E00FA77CA /* Build configuration list for PBXNativeTarget "SlotMachineSwiftUI" */;
			buildPhases = (
				7B01E24323C7132C00FA77CA /* Sources */,
				7B01E24423C7132C00FA77CA /* Frameworks */,
				7B01E24523C7132C00FA77CA /* Resources */,
			);
			buildRules = (
			);
			dependencies = (
			);
			name = SlotMachineSwiftUI;
			productName = SlotMachineSwiftUI;
			productReference = 7B01E24723C7132C00FA77CA /* SlotMachineSwiftUI.app */;
			productType = "com.apple.product-type.application";
		};
/* End PBXNativeTarget section */

/* Begin PBXProject section */
		7B01E23F23C7132C00FA77CA /* Project object */ = {
			isa = PBXProject;
			attributes = {
				LastSwiftUpdateCheck = 1130;
				LastUpgradeCheck = 1130;
				ORGANIZATIONNAME = centennial;
				TargetAttributes = {
					7B01E24623C7132C00FA77CA = {
						CreatedOnToolsVersion = 11.3;
					};
				};
			};
			buildConfigurationList = 7B01E24223C7132C00FA77CA /* Build configuration list for PBXProject "SlotMachineSwiftUI" */;
			compatibilityVersion = "Xcode 9.3";
			developmentRegion = en;
			hasScannedForEncodings = 0;
			knownRegions = (
				en,
				Base,
			);
			mainGroup = 7B01E23E23C7132C00FA77CA;
			productRefGroup = 7B01E24823C7132C00FA77CA /* Products */;
			projectDirPath = "";
			projectRoot = "";
			targets = (
				7B01E24623C7132C00FA77CA /* SlotMachineSwiftUI */,
			);
		};
/* End PBXProject section */

/* Begin PBXResourcesBuildPhase section */
		7B01E24523C7132C00FA77CA /* Resources */ = {
			isa = PBXResourcesBuildPhase;
			buildActionMask = 2147483647;
			files = (
				7BD1569E23CC410C00001019 /* Calculator.ttf in Resources */,
				7BD1569923CAEC3A00001019 /* CardsData.json in Resources */,
				7B01E25723C7132E00FA77CA /* LaunchScreen.storyboard in Resources */,
				7B01E25423C7132E00FA77CA /* Preview Assets.xcassets in Resources */,
				7B01E27323C85B6600FA77CA /* TejaratchiCaps.ttf in Resources */,
				7BC3CB2123CCF53F00541829 /* Amilya.ttf in Resources */,
				7B01E25123C7132E00FA77CA /* Assets.xcassets in Resources */,
			);
			runOnlyForDeploymentPostprocessing = 0;
		};
/* End PBXResourcesBuildPhase section */

/* Begin PBXSourcesBuildPhase section */
		7B01E24323C7132C00FA77CA /* Sources */ = {
			isa = PBXSourcesBuildPhase;
			buildActionMask = 2147483647;
			files = (
				7BC3CB1B23CCDA7800541829 /* SecondaryButton.swift in Sources */,
				7B01E26A23C82B5500FA77CA /* RoundedCorner.swift in Sources */,
				7B01E27A23C86BFE00FA77CA /* SpinButtonGroup.swift in Sources */,
				7B01E24B23C7132C00FA77CA /* AppDelegate.swift in Sources */,
				7BD1569C23CB96A100001019 /* Wheel.swift in Sources */,
				7B01E26323C7E93200FA77CA /* CurrentBet.swift in Sources */,
				7B01E24D23C7132C00FA77CA /* SceneDelegate.swift in Sources */,
				7BC3CB1F23CCF33200541829 /* GameTitle.swift in Sources */,
				7B01E27C23C884D600FA77CA /* WheelGroup.swift in Sources */,
				7BC3CB2323CCFDFA00541829 /* Game.swift in Sources */,
				7B01E27E23C8855700FA77CA /* WheelView.swift in Sources */,
				7B01E26023C7E16100FA77CA /* PrimaryButton.swift in Sources */,
				7BC3CB1D23CCE77C00541829 /* BankMoney.swift in Sources */,
				7B01E24F23C7132C00FA77CA /* ContentView.swift in Sources */,
			);
			runOnlyForDeploymentPostprocessing = 0;
		};
/* End PBXSourcesBuildPhase section */

/* Begin PBXVariantGroup section */
		7B01E25523C7132E00FA77CA /* LaunchScreen.storyboard */ = {
			isa = PBXVariantGroup;
			children = (
				7B01E25623C7132E00FA77CA /* Base */,
			);
			name = LaunchScreen.storyboard;
			sourceTree = "<group>";
		};
/* End PBXVariantGroup section */

/* Begin XCBuildConfiguration section */
		7B01E25923C7132E00FA77CA /* Debug */ = {
			isa = XCBuildConfiguration;
			buildSettings = {
				ALWAYS_SEARCH_USER_PATHS = NO;
				CLANG_ANALYZER_NONNULL = YES;
				CLANG_ANALYZER_NUMBER_OBJECT_CONVERSION = YES_AGGRESSIVE;
				CLANG_CXX_LANGUAGE_STANDARD = "gnu++14";
				CLANG_CXX_LIBRARY = "libc++";
				CLANG_ENABLE_MODULES = YES;
				CLANG_ENABLE_OBJC_ARC = YES;
				CLANG_ENABLE_OBJC_WEAK = YES;
				CLANG_WARN_BLOCK_CAPTURE_AUTORELEASING = YES;
				CLANG_WARN_BOOL_CONVERSION = YES;
				CLANG_WARN_COMMA = YES;
				CLANG_WARN_CONSTANT_CONVERSION = YES;
				CLANG_WARN_DEPRECATED_OBJC_IMPLEMENTATIONS = YES;
				CLANG_WARN_DIRECT_OBJC_ISA_USAGE = YES_ERROR;
				CLANG_WARN_DOCUMENTATION_COMMENTS = YES;
				CLANG_WARN_EMPTY_BODY = YES;
				CLANG_WARN_ENUM_CONVERSION = YES;
				CLANG_WARN_INFINITE_RECURSION = YES;
				CLANG_WARN_INT_CONVERSION = YES;
				CLANG_WARN_NON_LITERAL_NULL_CONVERSION = YES;
				CLANG_WARN_OBJC_IMPLICIT_RETAIN_SELF = YES;
				CLANG_WARN_OBJC_LITERAL_CONVERSION = YES;
				CLANG_WARN_OBJC_ROOT_CLASS = YES_ERROR;
				CLANG_WARN_RANGE_LOOP_ANALYSIS = YES;
				CLANG_WARN_STRICT_PROTOTYPES = YES;
				CLANG_WARN_SUSPICIOUS_MOVE = YES;
				CLANG_WARN_UNGUARDED_AVAILABILITY = YES_AGGRESSIVE;
				CLANG_WARN_UNREACHABLE_CODE = YES;
				CLANG_WARN__DUPLICATE_METHOD_MATCH = YES;
				COPY_PHASE_STRIP = NO;
				DEBUG_INFORMATION_FORMAT = dwarf;
				ENABLE_STRICT_OBJC_MSGSEND = YES;
				ENABLE_TESTABILITY = YES;
				GCC_C_LANGUAGE_STANDARD = gnu11;
				GCC_DYNAMIC_NO_PIC = NO;
				GCC_NO_COMMON_BLOCKS = YES;
				GCC_OPTIMIZATION_LEVEL = 0;
				GCC_PREPROCESSOR_DEFINITIONS = (
					"DEBUG=1",
					"$(inherited)",
				);
				GCC_WARN_64_TO_32_BIT_CONVERSION = YES;
				GCC_WARN_ABOUT_RETURN_TYPE = YES_ERROR;
				GCC_WARN_UNDECLARED_SELECTOR = YES;
				GCC_WARN_UNINITIALIZED_AUTOS = YES_AGGRESSIVE;
				GCC_WARN_UNUSED_FUNCTION = YES;
				GCC_WARN_UNUSED_VARIABLE = YES;
				IPHONEOS_DEPLOYMENT_TARGET = 13.2;
				MTL_ENABLE_DEBUG_INFO = INCLUDE_SOURCE;
				MTL_FAST_MATH = YES;
				ONLY_ACTIVE_ARCH = YES;
				SDKROOT = iphoneos;
				SWIFT_ACTIVE_COMPILATION_CONDITIONS = DEBUG;
				SWIFT_OPTIMIZATION_LEVEL = "-Onone";
			};
			name = Debug;
		};
		7B01E25A23C7132E00FA77CA /* Release */ = {
			isa = XCBuildConfiguration;
			buildSettings = {
				ALWAYS_SEARCH_USER_PATHS = NO;
				CLANG_ANALYZER_NONNULL = YES;
				CLANG_ANALYZER_NUMBER_OBJECT_CONVERSION = YES_AGGRESSIVE;
				CLANG_CXX_LANGUAGE_STANDARD = "gnu++14";
				CLANG_CXX_LIBRARY = "libc++";
				CLANG_ENABLE_MODULES = YES;
				CLANG_ENABLE_OBJC_ARC = YES;
				CLANG_ENABLE_OBJC_WEAK = YES;
				CLANG_WARN_BLOCK_CAPTURE_AUTORELEASING = YES;
				CLANG_WARN_BOOL_CONVERSION = YES;
				CLANG_WARN_COMMA = YES;
				CLANG_WARN_CONSTANT_CONVERSION = YES;
				CLANG_WARN_DEPRECATED_OBJC_IMPLEMENTATIONS = YES;
				CLANG_WARN_DIRECT_OBJC_ISA_USAGE = YES_ERROR;
				CLANG_WARN_DOCUMENTATION_COMMENTS = YES;
				CLANG_WARN_EMPTY_BODY = YES;
				CLANG_WARN_ENUM_CONVERSION = YES;
				CLANG_WARN_INFINITE_RECURSION = YES;
				CLANG_WARN_INT_CONVERSION = YES;
				CLANG_WARN_NON_LITERAL_NULL_CONVERSION = YES;
				CLANG_WARN_OBJC_IMPLICIT_RETAIN_SELF = YES;
				CLANG_WARN_OBJC_LITERAL_CONVERSION = YES;
				CLANG_WARN_OBJC_ROOT_CLASS = YES_ERROR;
				CLANG_WARN_RANGE_LOOP_ANALYSIS = YES;
				CLANG_WARN_STRICT_PROTOTYPES = YES;
				CLANG_WARN_SUSPICIOUS_MOVE = YES;
				CLANG_WARN_UNGUARDED_AVAILABILITY = YES_AGGRESSIVE;
				CLANG_WARN_UNREACHABLE_CODE = YES;
				CLANG_WARN__DUPLICATE_METHOD_MATCH = YES;
				COPY_PHASE_STRIP = NO;
				DEBUG_INFORMATION_FORMAT = "dwarf-with-dsym";
				ENABLE_NS_ASSERTIONS = NO;
				ENABLE_STRICT_OBJC_MSGSEND = YES;
				GCC_C_LANGUAGE_STANDARD = gnu11;
				GCC_NO_COMMON_BLOCKS = YES;
				GCC_WARN_64_TO_32_BIT_CONVERSION = YES;
				GCC_WARN_ABOUT_RETURN_TYPE = YES_ERROR;
				GCC_WARN_UNDECLARED_SELECTOR = YES;
				GCC_WARN_UNINITIALIZED_AUTOS = YES_AGGRESSIVE;
				GCC_WARN_UNUSED_FUNCTION = YES;
				GCC_WARN_UNUSED_VARIABLE = YES;
				IPHONEOS_DEPLOYMENT_TARGET = 13.2;
				MTL_ENABLE_DEBUG_INFO = NO;
				MTL_FAST_MATH = YES;
				SDKROOT = iphoneos;
				SWIFT_COMPILATION_MODE = wholemodule;
				SWIFT_OPTIMIZATION_LEVEL = "-O";
				VALIDATE_PRODUCT = YES;
			};
			name = Release;
		};
		7B01E25C23C7132E00FA77CA /* Debug */ = {
			isa = XCBuildConfiguration;
			buildSettings = {
				ASSETCATALOG_COMPILER_APPICON_NAME = AppIcon;
				CODE_SIGN_STYLE = Automatic;
				DEVELOPMENT_ASSET_PATHS = "\"SlotMachineSwiftUI/Preview Content\"";
				DEVELOPMENT_TEAM = 2BULHRS882;
				ENABLE_PREVIEWS = YES;
				INFOPLIST_FILE = SlotMachineSwiftUI/Info.plist;
				LD_RUNPATH_SEARCH_PATHS = (
					"$(inherited)",
					"@executable_path/Frameworks",
				);
				PRODUCT_BUNDLE_IDENTIFIER = ca.centennial.SlotMachineSwiftUI;
				PRODUCT_NAME = "$(TARGET_NAME)";
				SWIFT_VERSION = 5.0;
				TARGETED_DEVICE_FAMILY = "1,2";
			};
			name = Debug;
		};
		7B01E25D23C7132E00FA77CA /* Release */ = {
			isa = XCBuildConfiguration;
			buildSettings = {
				ASSETCATALOG_COMPILER_APPICON_NAME = AppIcon;
				CODE_SIGN_STYLE = Automatic;
				DEVELOPMENT_ASSET_PATHS = "\"SlotMachineSwiftUI/Preview Content\"";
				DEVELOPMENT_TEAM = 2BULHRS882;
				ENABLE_PREVIEWS = YES;
				INFOPLIST_FILE = SlotMachineSwiftUI/Info.plist;
				LD_RUNPATH_SEARCH_PATHS = (
					"$(inherited)",
					"@executable_path/Frameworks",
				);
				PRODUCT_BUNDLE_IDENTIFIER = ca.centennial.SlotMachineSwiftUI;
				PRODUCT_NAME = "$(TARGET_NAME)";
				SWIFT_VERSION = 5.0;
				TARGETED_DEVICE_FAMILY = "1,2";
			};
			name = Release;
		};
/* End XCBuildConfiguration section */

/* Begin XCConfigurationList section */
		7B01E24223C7132C00FA77CA /* Build configuration list for PBXProject "SlotMachineSwiftUI" */ = {
			isa = XCConfigurationList;
			buildConfigurations = (
				7B01E25923C7132E00FA77CA /* Debug */,
				7B01E25A23C7132E00FA77CA /* Release */,
			);
			defaultConfigurationIsVisible = 0;
			defaultConfigurationName = Release;
		};
		7B01E25B23C7132E00FA77CA /* Build configuration list for PBXNativeTarget "SlotMachineSwiftUI" */ = {
			isa = XCConfigurationList;
			buildConfigurations = (
				7B01E25C23C7132E00FA77CA /* Debug */,
				7B01E25D23C7132E00FA77CA /* Release */,
			);
			defaultConfigurationIsVisible = 0;
			defaultConfigurationName = Release;
		};
/* End XCConfigurationList section */
	};
	rootObject = 7B01E23F23C7132C00FA77CA /* Project object */;
}
